// !$*UTF8*$!
{
	archiveVersion = 1;
	classes = {
	};
	objectVersion = 46;
	objects = {

/* Begin PBXBuildFile section */
		1D6959951E024AEF00EE72E7 /* main.m in Sources */ = {isa = PBXBuildFile; fileRef = 1D6959941E024AEF00EE72E7 /* main.m */; };
		1D6959981E024AEF00EE72E7 /* AppDelegate.m in Sources */ = {isa = PBXBuildFile; fileRef = 1D6959971E024AEF00EE72E7 /* AppDelegate.m */; };
		1D69599B1E024AEF00EE72E7 /* ViewController.m in Sources */ = {isa = PBXBuildFile; fileRef = 1D69599A1E024AEF00EE72E7 /* ViewController.m */; };
		1D69599E1E024AEF00EE72E7 /* Main.storyboard in Resources */ = {isa = PBXBuildFile; fileRef = 1D69599C1E024AEF00EE72E7 /* Main.storyboard */; };
		1D6959A01E024AEF00EE72E7 /* Assets.xcassets in Resources */ = {isa = PBXBuildFile; fileRef = 1D69599F1E024AEF00EE72E7 /* Assets.xcassets */; };
		1D6959A31E024AEF00EE72E7 /* LaunchScreen.storyboard in Resources */ = {isa = PBXBuildFile; fileRef = 1D6959A11E024AEF00EE72E7 /* LaunchScreen.storyboard */; };
		1D6959AC1E02753200EE72E7 /* NavViewController.m in Sources */ = {isa = PBXBuildFile; fileRef = 1D6959AB1E02753200EE72E7 /* NavViewController.m */; };
		1D6959AF1E02756300EE72E7 /* AVAudioManager.m in Sources */ = {isa = PBXBuildFile; fileRef = 1D6959AE1E02756300EE72E7 /* AVAudioManager.m */; };
/* End PBXBuildFile section */

/* Begin PBXFileReference section */
		1D6959901E024AEF00EE72E7 /* SXSpeechRecognitionTwoWays.app */ = {isa = PBXFileReference; explicitFileType = wrapper.application; includeInIndex = 0; path = SXSpeechRecognitionTwoWays.app; sourceTree = BUILT_PRODUCTS_DIR; };
		1D6959941E024AEF00EE72E7 /* main.m */ = {isa = PBXFileReference; lastKnownFileType = sourcecode.c.objc; path = main.m; sourceTree = "<group>"; };
		1D6959961E024AEF00EE72E7 /* AppDelegate.h */ = {isa = PBXFileReference; lastKnownFileType = sourcecode.c.h; path = AppDelegate.h; sourceTree = "<group>"; };
		1D6959971E024AEF00EE72E7 /* AppDelegate.m */ = {isa = PBXFileReference; lastKnownFileType = sourcecode.c.objc; path = AppDelegate.m; sourceTree = "<group>"; };
		1D6959991E024AEF00EE72E7 /* ViewController.h */ = {isa = PBXFileReference; lastKnownFileType = sourcecode.c.h; path = ViewController.h; sourceTree = "<group>"; };
		1D69599A1E024AEF00EE72E7 /* ViewController.m */ = {isa = PBXFileReference; lastKnownFileType = sourcecode.c.objc; path = ViewController.m; sourceTree = "<group>"; };
		1D69599D1E024AEF00EE72E7 /* Base */ = {isa = PBXFileReference; lastKnownFileType = file.storyboard; name = Base; path = Base.lproj/Main.storyboard; sourceTree = "<group>"; };
		1D69599F1E024AEF00EE72E7 /* Assets.xcassets */ = {isa = PBXFileReference; lastKnownFileType = folder.assetcatalog; path = Assets.xcassets; sourceTree = "<group>"; };
		1D6959A21E024AEF00EE72E7 /* Base */ = {isa = PBXFileReference; lastKnownFileType = file.storyboard; name = Base; path = Base.lproj/LaunchScreen.storyboard; sourceTree = "<group>"; };
		1D6959A41E024AEF00EE72E7 /* Info.plist */ = {isa = PBXFileReference; lastKnownFileType = text.plist.xml; path = Info.plist; sourceTree = "<group>"; };
		1D6959AA1E02753200EE72E7 /* NavViewController.h */ = {isa = PBXFileReference; fileEncoding = 4; lastKnownFileType = sourcecode.c.h; path = NavViewController.h; sourceTree = "<group>"; };
		1D6959AB1E02753200EE72E7 /* NavViewController.m */ = {isa = PBXFileReference; fileEncoding = 4; lastKnownFileType = sourcecode.c.objc; path = NavViewController.m; sourceTree = "<group>"; };
		1D6959AD1E02756300EE72E7 /* AVAudioManager.h */ = {isa = PBXFileReference; fileEncoding = 4; lastKnownFileType = sourcecode.c.h; path = AVAudioManager.h; sourceTree = "<group>"; };
		1D6959AE1E02756300EE72E7 /* AVAudioManager.m */ = {isa = PBXFileReference; fileEncoding = 4; lastKnownFileType = sourcecode.c.objc; path = AVAudioManager.m; sourceTree = "<group>"; };
		1D6959B01E03E28800EE72E7 /* SpeechRecognition.pch */ = {isa = PBXFileReference; fileEncoding = 4; lastKnownFileType = sourcecode.c.h; path = SpeechRecognition.pch; sourceTree = "<group>"; };
/* End PBXFileReference section */

/* Begin PBXFrameworksBuildPhase section */
		1D69598D1E024AEF00EE72E7 /* Frameworks */ = {
			isa = PBXFrameworksBuildPhase;
			buildActionMask = 2147483647;
			files = (
			);
			runOnlyForDeploymentPostprocessing = 0;
		};
/* End PBXFrameworksBuildPhase section */

/* Begin PBXGroup section */
		1D6959871E024AEF00EE72E7 = {
			isa = PBXGroup;
			children = (
				1D6959921E024AEF00EE72E7 /* SXSpeechRecognitionTwoWays */,
				1D6959911E024AEF00EE72E7 /* Products */,
			);
			sourceTree = "<group>";
		};
		1D6959911E024AEF00EE72E7 /* Products */ = {
			isa = PBXGroup;
			children = (
				1D6959901E024AEF00EE72E7 /* SXSpeechRecognitionTwoWays.app */,
			);
			name = Products;
			sourceTree = "<group>";
		};
		1D6959921E024AEF00EE72E7 /* SXSpeechRecognitionTwoWays */ = {
			isa = PBXGroup;
			children = (
				1D6959961E024AEF00EE72E7 /* AppDelegate.h */,
				1D6959971E024AEF00EE72E7 /* AppDelegate.m */,
				1D6959991E024AEF00EE72E7 /* ViewController.h */,
				1D69599A1E024AEF00EE72E7 /* ViewController.m */,
				1D6959AA1E02753200EE72E7 /* NavViewController.h */,
				1D6959AB1E02753200EE72E7 /* NavViewController.m */,
				1D6959B01E03E28800EE72E7 /* SpeechRecognition.pch */,
				1D6959AD1E02756300EE72E7 /* AVAudioManager.h */,
				1D6959AE1E02756300EE72E7 /* AVAudioManager.m */,
				1D69599C1E024AEF00EE72E7 /* Main.storyboard */,
				1D69599F1E024AEF00EE72E7 /* Assets.xcassets */,
				1D6959A11E024AEF00EE72E7 /* LaunchScreen.storyboard */,
				1D6959A41E024AEF00EE72E7 /* Info.plist */,
				1D6959931E024AEF00EE72E7 /* Supporting Files */,
			);
			path = SXSpeechRecognitionTwoWays;
			sourceTree = "<group>";
		};
		1D6959931E024AEF00EE72E7 /* Supporting Files */ = {
			isa = PBXGroup;
			children = (
				1D6959941E024AEF00EE72E7 /* main.m */,
			);
			name = "Supporting Files";
			sourceTree = "<group>";
		};
/* End PBXGroup section */

/* Begin PBXNativeTarget section */
		1D69598F1E024AEF00EE72E7 /* SXSpeechRecognitionTwoWays */ = {
			isa = PBXNativeTarget;
			buildConfigurationList = 1D6959A71E024AEF00EE72E7 /* Build configuration list for PBXNativeTarget "SXSpeechRecognitionTwoWays" */;
			buildPhases = (
				1D69598C1E024AEF00EE72E7 /* Sources */,
				1D69598D1E024AEF00EE72E7 /* Frameworks */,
				1D69598E1E024AEF00EE72E7 /* Resources */,
			);
			buildRules = (
			);
			dependencies = (
			);
			name = SXSpeechRecognitionTwoWays;
			productName = SXSpeechRecognitionTwoWays;
			productReference = 1D6959901E024AEF00EE72E7 /* SXSpeechRecognitionTwoWays.app */;
			productType = "com.apple.product-type.application";
		};
/* End PBXNativeTarget section */

/* Begin PBXProject section */
		1D6959881E024AEF00EE72E7 /* Project object */ = {
			isa = PBXProject;
			attributes = {
				LastUpgradeCheck = 0800;
				ORGANIZATIONNAME = Sankuai;
				TargetAttributes = {
					1D69598F1E024AEF00EE72E7 = {
						CreatedOnToolsVersion = 8.0;
						DevelopmentTeam = KLD54SC2VP;
						ProvisioningStyle = Automatic;
					};
				};
			};
			buildConfigurationList = 1D69598B1E024AEF00EE72E7 /* Build configuration list for PBXProject "SXSpeechRecognitionTwoWays" */;
			compatibilityVersion = "Xcode 3.2";
			developmentRegion = English;
			hasScannedForEncodings = 0;
			knownRegions = (
				en,
				Base,
			);
			mainGroup = 1D6959871E024AEF00EE72E7;
			productRefGroup = 1D6959911E024AEF00EE72E7 /* Products */;
			projectDirPath = "";
			projectRoot = "";
			targets = (
				1D69598F1E024AEF00EE72E7 /* SXSpeechRecognitionTwoWays */,
			);
		};
/* End PBXProject section */

/* Begin PBXResourcesBuildPhase section */
		1D69598E1E024AEF00EE72E7 /* Resources */ = {
			isa = PBXResourcesBuildPhase;
			buildActionMask = 2147483647;
			files = (
				1D6959A31E024AEF00EE72E7 /* LaunchScreen.storyboard in Resources */,
				1D6959A01E024AEF00EE72E7 /* Assets.xcassets in Resources */,
				1D69599E1E024AEF00EE72E7 /* Main.storyboard in Resources */,
			);
			runOnlyForDeploymentPostprocessing = 0;
		};
/* End PBXResourcesBuildPhase section */

/* Begin PBXSourcesBuildPhase section */
		1D69598C1E024AEF00EE72E7 /* Sources */ = {
			isa = PBXSourcesBuildPhase;
			buildActionMask = 2147483647;
			files = (
				1D69599B1E024AEF00EE72E7 /* ViewController.m in Sources */,
				1D6959AF1E02756300EE72E7 /* AVAudioManager.m in Sources */,
				1D6959981E024AEF00EE72E7 /* AppDelegate.m in Sources */,
				1D6959AC1E02753200EE72E7 /* NavViewController.m in Sources */,
				1D6959951E024AEF00EE72E7 /* main.m in Sources */,
			);
			runOnlyForDeploymentPostprocessing = 0;
		};
/* End PBXSourcesBuildPhase section */

/* Begin PBXVariantGroup section */
		1D69599C1E024AEF00EE72E7 /* Main.storyboard */ = {
			isa = PBXVariantGroup;
			children = (
				1D69599D1E024AEF00EE72E7 /* Base */,
			);
			name = Main.storyboard;
			sourceTree = "<group>";
		};
		1D6959A11E024AEF00EE72E7 /* LaunchScreen.storyboard */ = {
			isa = PBXVariantGroup;
			children = (
				1D6959A21E024AEF00EE72E7 /* Base */,
			);
			name = LaunchScreen.storyboard;
			sourceTree = "<group>";
		};
/* End PBXVariantGroup section */

/* Begin XCBuildConfiguration section */
		1D6959A51E024AEF00EE72E7 /* Debug */ = {
			isa = XCBuildConfiguration;
			buildSettings = {
				ALWAYS_SEARCH_USER_PATHS = NO;
				CLANG_ANALYZER_NONNULL = YES;
				CLANG_CXX_LANGUAGE_STANDARD = "gnu++0x";
				CLANG_CXX_LIBRARY = "libc++";
				CLANG_ENABLE_MODULES = YES;
				CLANG_ENABLE_OBJC_ARC = YES;
				CLANG_WARN_BOOL_CONVERSION = YES;
				CLANG_WARN_CONSTANT_CONVERSION = YES;
				CLANG_WARN_DIRECT_OBJC_ISA_USAGE = YES_ERROR;
				CLANG_WARN_DOCUMENTATION_COMMENTS = YES;
				CLANG_WARN_EMPTY_BODY = YES;
				CLANG_WARN_ENUM_CONVERSION = YES;
				CLANG_WARN_INFINITE_RECURSION = YES;
				CLANG_WARN_INT_CONVERSION = YES;
				CLANG_WARN_OBJC_ROOT_CLASS = YES_ERROR;
				CLANG_WARN_SUSPICIOUS_MOVES = YES;
				CLANG_WARN_UNREACHABLE_CODE = YES;
				CLANG_WARN__DUPLICATE_METHOD_MATCH = YES;
				"CODE_SIGN_IDENTITY[sdk=iphoneos*]" = "iPhone Developer";
				COPY_PHASE_STRIP = NO;
				DEBUG_INFORMATION_FORMAT = dwarf;
				ENABLE_STRICT_OBJC_MSGSEND = YES;
				ENABLE_TESTABILITY = YES;
				GCC_C_LANGUAGE_STANDARD = gnu99;
				GCC_DYNAMIC_NO_PIC = NO;
				GCC_NO_COMMON_BLOCKS = YES;
				GCC_OPTIMIZATION_LEVEL = 0;
				GCC_PREPROCESSOR_DEFINITIONS = (
					"DEBUG=1",
					"$(inherited)",
				);
				GCC_WARN_64_TO_32_BIT_CONVERSION = YES;
				GCC_WARN_ABOUT_RETURN_TYPE = YES_ERROR;
				GCC_WARN_UNDECLARED_SELECTOR = YES;
				GCC_WARN_UNINITIALIZED_AUTOS = YES_AGGRESSIVE;
				GCC_WARN_UNUSED_FUNCTION = YES;
				GCC_WARN_UNUSED_VARIABLE = YES;
				IPHONEOS_DEPLOYMENT_TARGET = 10.0;
				MTL_ENABLE_DEBUG_INFO = YES;
				ONLY_ACTIVE_ARCH = YES;
				SDKROOT = iphoneos;
				TARGETED_DEVICE_FAMILY = "1,2";
			};
			name = Debug;
		};
		1D6959A61E024AEF00EE72E7 /* Release */ = {
			isa = XCBuildConfiguration;
			buildSettings = {
				ALWAYS_SEARCH_USER_PATHS = NO;
				CLANG_ANALYZER_NONNULL = YES;
				CLANG_CXX_LANGUAGE_STANDARD = "gnu++0x";
				CLANG_CXX_LIBRARY = "libc++";
				CLANG_ENABLE_MODULES = YES;
				CLANG_ENABLE_OBJC_ARC = YES;
				CLANG_WARN_BOOL_CONVERSION = YES;
				CLANG_WARN_CONSTANT_CONVERSION = YES;
				CLANG_WARN_DIRECT_OBJC_ISA_USAGE = YES_ERROR;
				CLANG_WARN_DOCUMENTATION_COMMENTS = YES;
				CLANG_WARN_EMPTY_BODY = YES;
				CLANG_WARN_ENUM_CONVERSION = YES;
				CLANG_WARN_INFINITE_RECURSION = YES;
				CLANG_WARN_INT_CONVERSION = YES;
				CLANG_WARN_OBJC_ROOT_CLASS = YES_ERROR;
				CLANG_WARN_SUSPICIOUS_MOVES = YES;
				CLANG_WARN_UNREACHABLE_CODE = YES;
				CLANG_WARN__DUPLICATE_METHOD_MATCH = YES;
				"CODE_SIGN_IDENTITY[sdk=iphoneos*]" = "iPhone Developer";
				COPY_PHASE_STRIP = NO;
				DEBUG_INFORMATION_FORMAT = "dwarf-with-dsym";
				ENABLE_NS_ASSERTIONS = NO;
				ENABLE_STRICT_OBJC_MSGSEND = YES;
				GCC_C_LANGUAGE_STANDARD = gnu99;
				GCC_NO_COMMON_BLOCKS = YES;
				GCC_WARN_64_TO_32_BIT_CONVERSION = YES;
				GCC_WARN_ABOUT_RETURN_TYPE = YES_ERROR;
				GCC_WARN_UNDECLARED_SELECTOR = YES;
				GCC_WARN_UNINITIALIZED_AUTOS = YES_AGGRESSIVE;
				GCC_WARN_UNUSED_FUNCTION = YES;
				GCC_WARN_UNUSED_VARIABLE = YES;
				IPHONEOS_DEPLOYMENT_TARGET = 10.0;
				MTL_ENABLE_DEBUG_INFO = NO;
				SDKROOT = iphoneos;
				TARGETED_DEVICE_FAMILY = "1,2";
				VALIDATE_PRODUCT = YES;
			};
			name = Release;
		};
		1D6959A81E024AEF00EE72E7 /* Debug */ = {
			isa = XCBuildConfiguration;
			buildSettings = {
				ASSETCATALOG_COMPILER_APPICON_NAME = AppIcon;
				DEVELOPMENT_TEAM = KLD54SC2VP;
				GCC_PRECOMPILE_PREFIX_HEADER = YES;
				GCC_PREFIX_HEADER = SXSpeechRecognitionTwoWays/SpeechRecognition.pch;
				INFOPLIST_FILE = SXSpeechRecognitionTwoWays/Info.plist;
				LD_RUNPATH_SEARCH_PATHS = "$(inherited) @executable_path/Frameworks";
				PRODUCT_BUNDLE_IDENTIFIER = com.Sankuai.SXSpeechRecognitionTwoWays;
				PRODUCT_NAME = "$(TARGET_NAME)";
			};
			name = Debug;
		};
		1D6959A91E024AEF00EE72E7 /* Release */ = {
			isa = XCBuildConfiguration;
			buildSettings = {
				ASSETCATALOG_COMPILER_APPICON_NAME = AppIcon;
				DEVELOPMENT_TEAM = KLD54SC2VP;
				GCC_PRECOMPILE_PREFIX_HEADER = YES;
				GCC_PREFIX_HEADER = SXSpeechRecognitionTwoWays/SpeechRecognition.pch;
				INFOPLIST_FILE = SXSpeechRecognitionTwoWays/Info.plist;
				LD_RUNPATH_SEARCH_PATHS = "$(inherited) @executable_path/Frameworks";
				PRODUCT_BUNDLE_IDENTIFIER = com.Sankuai.SXSpeechRecognitionTwoWays;
				PRODUCT_NAME = "$(TARGET_NAME)";
			};
			name = Release;
		};
/* End XCBuildConfiguration section */

/* Begin XCConfigurationList section */
		1D69598B1E024AEF00EE72E7 /* Build configuration list for PBXProject "SXSpeechRecognitionTwoWays" */ = {
			isa = XCConfigurationList;
			buildConfigurations = (
				1D6959A51E024AEF00EE72E7 /* Debug */,
				1D6959A61E024AEF00EE72E7 /* Release */,
			);
			defaultConfigurationIsVisible = 0;
			defaultConfigurationName = Release;
		};
		1D6959A71E024AEF00EE72E7 /* Build configuration list for PBXNativeTarget "SXSpeechRecognitionTwoWays" */ = {
			isa = XCConfigurationList;
			buildConfigurations = (
				1D6959A81E024AEF00EE72E7 /* Debug */,
				1D6959A91E024AEF00EE72E7 /* Release */,
			);
			defaultConfigurationIsVisible = 0;
			defaultConfigurationName = Release;
		};
/* End XCConfigurationList section */
	};
	rootObject = 1D6959881E024AEF00EE72E7 /* Project object */;
}
